
Microsoft Visual Studio Solution File, Format Version 12.00
# Visual Studio 14
VisualStudioVersion = 14.0.24720.0
MinimumVisualStudioVersion = 10.0.40219.1
Project("{FAE04EC0-301F-11D3-BF4B-00C04F79EFBC}") = "TravelCards", "TravelCards\TravelCards.csproj", "{A6D6BB50-FCE2-49E8-A43B-BBC46A20655C}"
EndProject
Global
	GlobalSection(SolutionConfigurationPlatforms) = preSolution
		Debug|Any CPU = Debug|Any CPU
		Release|Any CPU = Release|Any CPU
	EndGlobalSection
	GlobalSection(ProjectConfigurationPlatforms) = postSolution
		{A6D6BB50-FCE2-49E8-A43B-BBC46A20655C}.Debug|Any CPU.ActiveCfg = Debug|Any CPU
		{A6D6BB50-FCE2-49E8-A43B-BBC46A20655C}.Debug|Any CPU.Build.0 = Debug|Any CPU
		{A6D6BB50-FCE2-49E8-A43B-BBC46A20655C}.Release|Any CPU.ActiveCfg = Release|Any CPU
		{A6D6BB50-FCE2-49E8-A43B-BBC46A20655C}.Release|Any CPU.Build.0 = Release|Any CPU
	EndGlobalSection
	GlobalSection(SolutionProperties) = preSolution
		HideSolutionNode = FALSE
	EndGlobalSection
EndGlobal
